
Microsoft Visual Studio Solution File, Format Version 12.00
# Visual Studio 15
VisualStudioVersion = 15.0.26228.9
MinimumVisualStudioVersion = 10.0.40219.1
Project("{FAE04EC0-301F-11D3-BF4B-00C04F79EFBC}") = "ReadThisAloud", "ReadThisAloud\ReadThisAloud.csproj", "{BE454601-9918-4D68-A482-6A2EF36F8AF7}"
EndProject
Global
	GlobalSection(SolutionConfigurationPlatforms) = preSolution
		Debug|Any CPU = Debug|Any CPU
		Release|Any CPU = Release|Any CPU
	EndGlobalSection
	GlobalSection(ProjectConfigurationPlatforms) = postSolution
		{BE454601-9918-4D68-A482-6A2EF36F8AF7}.Debug|Any CPU.ActiveCfg = Debug|Any CPU
		{BE454601-9918-4D68-A482-6A2EF36F8AF7}.Debug|Any CPU.Build.0 = Debug|Any CPU
		{BE454601-9918-4D68-A482-6A2EF36F8AF7}.Release|Any CPU.ActiveCfg = Release|Any CPU
		{BE454601-9918-4D68-A482-6A2EF36F8AF7}.Release|Any CPU.Build.0 = Release|Any CPU
	EndGlobalSection
	GlobalSection(SolutionProperties) = preSolution
		HideSolutionNode = FALSE
	EndGlobalSection
EndGlobal
